
Microsoft Visual Studio Solution File, Format Version 12.00
# Visual Studio Version 16
VisualStudioVersion = 16.0.29509.3
MinimumVisualStudioVersion = 10.0.40219.1
Project("{9A19103F-16F7-4668-BE54-9A1E7A4F7556}") = "DependencyGraph", "DependencyGraph.csproj", "{D6AC8B8B-3087-48AC-A7AD-63227DE540C6}"
EndProject
Global
	GlobalSection(SolutionConfigurationPlatforms) = preSolution
		Debug|Any CPU = Debug|Any CPU
		Release|Any CPU = Release|Any CPU
	EndGlobalSection
	GlobalSection(ProjectConfigurationPlatforms) = postSolution
		{D6AC8B8B-3087-48AC-A7AD-63227DE540C6}.Debug|Any CPU.ActiveCfg = Debug|Any CPU
		{D6AC8B8B-3087-48AC-A7AD-63227DE540C6}.Debug|Any CPU.Build.0 = Debug|Any CPU
		{D6AC8B8B-3087-48AC-A7AD-63227DE540C6}.Release|Any CPU.ActiveCfg = Release|Any CPU
		{D6AC8B8B-3087-48AC-A7AD-63227DE540C6}.Release|Any CPU.Build.0 = Release|Any CPU
	EndGlobalSection
	GlobalSection(SolutionProperties) = preSolution
		HideSolutionNode = FALSE
	EndGlobalSection
	GlobalSection(ExtensibilityGlobals) = postSolution
		SolutionGuid = {749EC5B9-5A01-4D7B-845F-71A31D9ECBD6}
	EndGlobalSection
EndGlobal
